
Microsoft Visual Studio Solution File, Format Version 12.00
# Visual Studio 14
VisualStudioVersion = 14.0.25420.1
MinimumVisualStudioVersion = 10.0.40219.1
Project("{FAE04EC0-301F-11D3-BF4B-00C04F79EFBC}") = "ProjectBase.WebApi", "ProjectBase.WebApi\ProjectBase.WebApi.csproj", "{1487C6F7-8F8E-452F-BBF6-8E1D6FCD6508}"
EndProject
Project("{E24C65DC-7377-472B-9ABA-BC803B73C61A}") = "ProjectBase.PcSite", "ProjectBase.PcSite\", "{B6FC3403-36BA-4BB3-9C37-F74295DC96B2}"
	ProjectSection(WebsiteProperties) = preProject
		TargetFrameworkMoniker = ".NETFramework,Version%3Dv4.5.2"
		Debug.AspNetCompiler.VirtualPath = "/localhost_52457"
		Debug.AspNetCompiler.PhysicalPath = "ProjectBase.PcSite\"
		Debug.AspNetCompiler.TargetPath = "PrecompiledWeb\localhost_52457\"
		Debug.AspNetCompiler.Updateable = "true"
		Debug.AspNetCompiler.ForceOverwrite = "true"
		Debug.AspNetCompiler.FixedNames = "false"
		Debug.AspNetCompiler.Debug = "True"
		Release.AspNetCompiler.VirtualPath = "/localhost_52457"
		Release.AspNetCompiler.PhysicalPath = "ProjectBase.PcSite\"
		Release.AspNetCompiler.TargetPath = "PrecompiledWeb\localhost_52457\"
		Release.AspNetCompiler.Updateable = "true"
		Release.AspNetCompiler.ForceOverwrite = "true"
		Release.AspNetCompiler.FixedNames = "false"
		Release.AspNetCompiler.Debug = "False"
		VWDPort = "52457"
		SlnRelativePath = "ProjectBase.PcSite\"
		DefaultWebSiteLanguage = "Visual C#"
	EndProjectSection
EndProject
Project("{E24C65DC-7377-472B-9ABA-BC803B73C61A}") = "ProjectBase.MobileSite", "ProjectBase.MobileSite\", "{DF11118B-CE43-4BD8-97A3-A43DF8C562C6}"
	ProjectSection(WebsiteProperties) = preProject
		TargetFrameworkMoniker = ".NETFramework,Version%3Dv4.5.2"
		Debug.AspNetCompiler.VirtualPath = "/localhost_52539"
		Debug.AspNetCompiler.PhysicalPath = "ProjectBase.MobileSite\"
		Debug.AspNetCompiler.TargetPath = "PrecompiledWeb\localhost_52539\"
		Debug.AspNetCompiler.Updateable = "true"
		Debug.AspNetCompiler.ForceOverwrite = "true"
		Debug.AspNetCompiler.FixedNames = "false"
		Debug.AspNetCompiler.Debug = "True"
		Release.AspNetCompiler.VirtualPath = "/localhost_52539"
		Release.AspNetCompiler.PhysicalPath = "ProjectBase.MobileSite\"
		Release.AspNetCompiler.TargetPath = "PrecompiledWeb\localhost_52539\"
		Release.AspNetCompiler.Updateable = "true"
		Release.AspNetCompiler.ForceOverwrite = "true"
		Release.AspNetCompiler.FixedNames = "false"
		Release.AspNetCompiler.Debug = "False"
		VWDPort = "52539"
		SlnRelativePath = "ProjectBase.MobileSite\"
		DefaultWebSiteLanguage = "Visual C#"
	EndProjectSection
EndProject
Project("{FAE04EC0-301F-11D3-BF4B-00C04F79EFBC}") = "ProjectBase.Infrastructure", "ProjectBase.Infrastructure\ProjectBase.Infrastructure.csproj", "{6E481F62-55F0-43EE-AA4B-19E0FF5B2C98}"
EndProject
Global
	GlobalSection(SolutionConfigurationPlatforms) = preSolution
		Debug|Any CPU = Debug|Any CPU
		Release|Any CPU = Release|Any CPU
	EndGlobalSection
	GlobalSection(ProjectConfigurationPlatforms) = postSolution
		{1487C6F7-8F8E-452F-BBF6-8E1D6FCD6508}.Debug|Any CPU.ActiveCfg = Debug|Any CPU
		{1487C6F7-8F8E-452F-BBF6-8E1D6FCD6508}.Debug|Any CPU.Build.0 = Debug|Any CPU
		{1487C6F7-8F8E-452F-BBF6-8E1D6FCD6508}.Release|Any CPU.ActiveCfg = Release|Any CPU
		{1487C6F7-8F8E-452F-BBF6-8E1D6FCD6508}.Release|Any CPU.Build.0 = Release|Any CPU
		{B6FC3403-36BA-4BB3-9C37-F74295DC96B2}.Debug|Any CPU.ActiveCfg = Debug|Any CPU
		{B6FC3403-36BA-4BB3-9C37-F74295DC96B2}.Debug|Any CPU.Build.0 = Debug|Any CPU
		{B6FC3403-36BA-4BB3-9C37-F74295DC96B2}.Release|Any CPU.ActiveCfg = Debug|Any CPU
		{B6FC3403-36BA-4BB3-9C37-F74295DC96B2}.Release|Any CPU.Build.0 = Debug|Any CPU
		{DF11118B-CE43-4BD8-97A3-A43DF8C562C6}.Debug|Any CPU.ActiveCfg = Debug|Any CPU
		{DF11118B-CE43-4BD8-97A3-A43DF8C562C6}.Debug|Any CPU.Build.0 = Debug|Any CPU
		{DF11118B-CE43-4BD8-97A3-A43DF8C562C6}.Release|Any CPU.ActiveCfg = Debug|Any CPU
		{DF11118B-CE43-4BD8-97A3-A43DF8C562C6}.Release|Any CPU.Build.0 = Debug|Any CPU
		{6E481F62-55F0-43EE-AA4B-19E0FF5B2C98}.Debug|Any CPU.ActiveCfg = Debug|Any CPU
		{6E481F62-55F0-43EE-AA4B-19E0FF5B2C98}.Debug|Any CPU.Build.0 = Debug|Any CPU
		{6E481F62-55F0-43EE-AA4B-19E0FF5B2C98}.Release|Any CPU.ActiveCfg = Release|Any CPU
		{6E481F62-55F0-43EE-AA4B-19E0FF5B2C98}.Release|Any CPU.Build.0 = Release|Any CPU
	EndGlobalSection
	GlobalSection(SolutionProperties) = preSolution
		HideSolutionNode = FALSE
	EndGlobalSection
EndGlobal
